// !$*UTF8*$!
{
	archiveVersion = 1;
	classes = {
	};
	objectVersion = 46;
	objects = {

/* Begin PBXBuildFile section */
		1513278219D55ECA007EB32E /* IMG_2042.jpg in Resources */ = {isa = PBXBuildFile; fileRef = 1513278119D55ECA007EB32E /* IMG_2042.jpg */; };
		1513278419D68B6A007EB32E /* AlbertEinsteinStamp.jpg in Resources */ = {isa = PBXBuildFile; fileRef = 1513278319D68B6A007EB32E /* AlbertEinsteinStamp.jpg */; };
		1515C1F819D24DB500197D4A /* AppDelegate.swift in Sources */ = {isa = PBXBuildFile; fileRef = 1515C1F719D24DB500197D4A /* AppDelegate.swift */; };
		1515C1FA19D24DB500197D4A /* ViewController.swift in Sources */ = {isa = PBXBuildFile; fileRef = 1515C1F919D24DB500197D4A /* ViewController.swift */; };
		1515C1FD19D24DB500197D4A /* Main.storyboard in Resources */ = {isa = PBXBuildFile; fileRef = 1515C1FB19D24DB500197D4A /* Main.storyboard */; };
		1515C1FF19D24DB500197D4A /* Images.xcassets in Resources */ = {isa = PBXBuildFile; fileRef = 1515C1FE19D24DB500197D4A /* Images.xcassets */; };
		1515C20219D24DB500197D4A /* LaunchScreen.xib in Resources */ = {isa = PBXBuildFile; fileRef = 1515C20019D24DB500197D4A /* LaunchScreen.xib */; };
		1515C20E19D24DB500197D4A /* postcardTests.swift in Sources */ = {isa = PBXBuildFile; fileRef = 1515C20D19D24DB500197D4A /* postcardTests.swift */; };
/* End PBXBuildFile section */

/* Begin PBXContainerItemProxy section */
		1515C20819D24DB500197D4A /* PBXContainerItemProxy */ = {
			isa = PBXContainerItemProxy;
			containerPortal = 1515C1EA19D24DB500197D4A /* Project object */;
			proxyType = 1;
			remoteGlobalIDString = 1515C1F119D24DB500197D4A;
			remoteInfo = postcard;
		};
/* End PBXContainerItemProxy section */

/* Begin PBXFileReference section */
		1513278119D55ECA007EB32E /* IMG_2042.jpg */ = {isa = PBXFileReference; lastKnownFileType = image.jpeg; path = IMG_2042.jpg; sourceTree = "<group>"; };
		1513278319D68B6A007EB32E /* AlbertEinsteinStamp.jpg */ = {isa = PBXFileReference; lastKnownFileType = image.jpeg; path = AlbertEinsteinStamp.jpg; sourceTree = "<group>"; };
		1515C1F219D24DB500197D4A /* postcard.app */ = {isa = PBXFileReference; explicitFileType = wrapper.application; includeInIndex = 0; path = postcard.app; sourceTree = BUILT_PRODUCTS_DIR; };
		1515C1F619D24DB500197D4A /* Info.plist */ = {isa = PBXFileReference; lastKnownFileType = text.plist.xml; path = Info.plist; sourceTree = "<group>"; };
		1515C1F719D24DB500197D4A /* AppDelegate.swift */ = {isa = PBXFileReference; lastKnownFileType = sourcecode.swift; path = AppDelegate.swift; sourceTree = "<group>"; };
		1515C1F919D24DB500197D4A /* ViewController.swift */ = {isa = PBXFileReference; lastKnownFileType = sourcecode.swift; path = ViewController.swift; sourceTree = "<group>"; };
		1515C1FC19D24DB500197D4A /* Base */ = {isa = PBXFileReference; lastKnownFileType = file.storyboard; name = Base; path = Base.lproj/Main.storyboard; sourceTree = "<group>"; };
		1515C1FE19D24DB500197D4A /* Images.xcassets */ = {isa = PBXFileReference; lastKnownFileType = folder.assetcatalog; path = Images.xcassets; sourceTree = "<group>"; };
		1515C20119D24DB500197D4A /* Base */ = {isa = PBXFileReference; lastKnownFileType = file.xib; name = Base; path = Base.lproj/LaunchScreen.xib; sourceTree = "<group>"; };
		1515C20719D24DB500197D4A /* postcardTests.xctest */ = {isa = PBXFileReference; explicitFileType = wrapper.cfbundle; includeInIndex = 0; path = postcardTests.xctest; sourceTree = BUILT_PRODUCTS_DIR; };
		1515C20C19D24DB500197D4A /* Info.plist */ = {isa = PBXFileReference; lastKnownFileType = text.plist.xml; path = Info.plist; sourceTree = "<group>"; };
		1515C20D19D24DB500197D4A /* postcardTests.swift */ = {isa = PBXFileReference; lastKnownFileType = sourcecode.swift; path = postcardTests.swift; sourceTree = "<group>"; };
/* End PBXFileReference section */

/* Begin PBXFrameworksBuildPhase section */
		1515C1EF19D24DB500197D4A /* Frameworks */ = {
			isa = PBXFrameworksBuildPhase;
			buildActionMask = 2147483647;
			files = (
			);
			runOnlyForDeploymentPostprocessing = 0;
		};
		1515C20419D24DB500197D4A /* Frameworks */ = {
			isa = PBXFrameworksBuildPhase;
			buildActionMask = 2147483647;
			files = (
			);
			runOnlyForDeploymentPostprocessing = 0;
		};
/* End PBXFrameworksBuildPhase section */

/* Begin PBXGroup section */
		1515C1E919D24DB500197D4A = {
			isa = PBXGroup;
			children = (
				1515C1F419D24DB500197D4A /* postcard */,
				1515C20A19D24DB500197D4A /* postcardTests */,
				1515C1F319D24DB500197D4A /* Products */,
			);
			sourceTree = "<group>";
		};
		1515C1F319D24DB500197D4A /* Products */ = {
			isa = PBXGroup;
			children = (
				1515C1F219D24DB500197D4A /* postcard.app */,
				1515C20719D24DB500197D4A /* postcardTests.xctest */,
			);
			name = Products;
			sourceTree = "<group>";
		};
		1515C1F419D24DB500197D4A /* postcard */ = {
			isa = PBXGroup;
			children = (
				1515C1F719D24DB500197D4A /* AppDelegate.swift */,
				1515C1F919D24DB500197D4A /* ViewController.swift */,
				1515C1FB19D24DB500197D4A /* Main.storyboard */,
				1515C1FE19D24DB500197D4A /* Images.xcassets */,
				1515C20019D24DB500197D4A /* LaunchScreen.xib */,
				1515C1F519D24DB500197D4A /* Supporting Files */,
			);
			path = postcard;
			sourceTree = "<group>";
		};
		1515C1F519D24DB500197D4A /* Supporting Files */ = {
			isa = PBXGroup;
			children = (
				1513278319D68B6A007EB32E /* AlbertEinsteinStamp.jpg */,
				1513278119D55ECA007EB32E /* IMG_2042.jpg */,
				1515C1F619D24DB500197D4A /* Info.plist */,
			);
			name = "Supporting Files";
			sourceTree = "<group>";
		};
		1515C20A19D24DB500197D4A /* postcardTests */ = {
			isa = PBXGroup;
			children = (
				1515C20D19D24DB500197D4A /* postcardTests.swift */,
				1515C20B19D24DB500197D4A /* Supporting Files */,
			);
			path = postcardTests;
			sourceTree = "<group>";
		};
		1515C20B19D24DB500197D4A /* Supporting Files */ = {
			isa = PBXGroup;
			children = (
				1515C20C19D24DB500197D4A /* Info.plist */,
			);
			name = "Supporting Files";
			sourceTree = "<group>";
		};
/* End PBXGroup section */

/* Begin PBXNativeTarget section */
		1515C1F119D24DB500197D4A /* postcard */ = {
			isa = PBXNativeTarget;
			buildConfigurationList = 1515C21119D24DB500197D4A /* Build configuration list for PBXNativeTarget "postcard" */;
			buildPhases = (
				1515C1EE19D24DB500197D4A /* Sources */,
				1515C1EF19D24DB500197D4A /* Frameworks */,
				1515C1F019D24DB500197D4A /* Resources */,
			);
			buildRules = (
			);
			dependencies = (
			);
			name = postcard;
			productName = postcard;
			productReference = 1515C1F219D24DB500197D4A /* postcard.app */;
			productType = "com.apple.product-type.application";
		};
		1515C20619D24DB500197D4A /* postcardTests */ = {
			isa = PBXNativeTarget;
			buildConfigurationList = 1515C21419D24DB500197D4A /* Build configuration list for PBXNativeTarget "postcardTests" */;
			buildPhases = (
				1515C20319D24DB500197D4A /* Sources */,
				1515C20419D24DB500197D4A /* Frameworks */,
				1515C20519D24DB500197D4A /* Resources */,
			);
			buildRules = (
			);
			dependencies = (
				1515C20919D24DB500197D4A /* PBXTargetDependency */,
			);
			name = postcardTests;
			productName = postcardTests;
			productReference = 1515C20719D24DB500197D4A /* postcardTests.xctest */;
			productType = "com.apple.product-type.bundle.unit-test";
		};
/* End PBXNativeTarget section */

/* Begin PBXProject section */
		1515C1EA19D24DB500197D4A /* Project object */ = {
			isa = PBXProject;
			attributes = {
				LastUpgradeCheck = 0600;
				ORGANIZATIONNAME = hjg;
				TargetAttributes = {
					1515C1F119D24DB500197D4A = {
						CreatedOnToolsVersion = 6.0;
					};
					1515C20619D24DB500197D4A = {
						CreatedOnToolsVersion = 6.0;
						TestTargetID = 1515C1F119D24DB500197D4A;
					};
				};
			};
			buildConfigurationList = 1515C1ED19D24DB500197D4A /* Build configuration list for PBXProject "postcard" */;
			compatibilityVersion = "Xcode 3.2";
			developmentRegion = English;
			hasScannedForEncodings = 0;
			knownRegions = (
				en,
				Base,
			);
			mainGroup = 1515C1E919D24DB500197D4A;
			productRefGroup = 1515C1F319D24DB500197D4A /* Products */;
			projectDirPath = "";
			projectRoot = "";
			targets = (
				1515C1F119D24DB500197D4A /* postcard */,
				1515C20619D24DB500197D4A /* postcardTests */,
			);
		};
/* End PBXProject section */

/* Begin PBXResourcesBuildPhase section */
		1515C1F019D24DB500197D4A /* Resources */ = {
			isa = PBXResourcesBuildPhase;
			buildActionMask = 2147483647;
			files = (
				1515C1FD19D24DB500197D4A /* Main.storyboard in Resources */,
				1515C20219D24DB500197D4A /* LaunchScreen.xib in Resources */,
				1513278419D68B6A007EB32E /* AlbertEinsteinStamp.jpg in Resources */,
				1515C1FF19D24DB500197D4A /* Images.xcassets in Resources */,
				1513278219D55ECA007EB32E /* IMG_2042.jpg in Resources */,
			);
			runOnlyForDeploymentPostprocessing = 0;
		};
		1515C20519D24DB500197D4A /* Resources */ = {
			isa = PBXResourcesBuildPhase;
			buildActionMask = 2147483647;
			files = (
			);
			runOnlyForDeploymentPostprocessing = 0;
		};
/* End PBXResourcesBuildPhase section */

/* Begin PBXSourcesBuildPhase section */
		1515C1EE19D24DB500197D4A /* Sources */ = {
			isa = PBXSourcesBuildPhase;
			buildActionMask = 2147483647;
			files = (
				1515C1FA19D24DB500197D4A /* ViewController.swift in Sources */,
				1515C1F819D24DB500197D4A /* AppDelegate.swift in Sources */,
			);
			runOnlyForDeploymentPostprocessing = 0;
		};
		1515C20319D24DB500197D4A /* Sources */ = {
			isa = PBXSourcesBuildPhase;
			buildActionMask = 2147483647;
			files = (
				1515C20E19D24DB500197D4A /* postcardTests.swift in Sources */,
			);
			runOnlyForDeploymentPostprocessing = 0;
		};
/* End PBXSourcesBuildPhase section */

/* Begin PBXTargetDependency section */
		1515C20919D24DB500197D4A /* PBXTargetDependency */ = {
			isa = PBXTargetDependency;
			target = 1515C1F119D24DB500197D4A /* postcard */;
			targetProxy = 1515C20819D24DB500197D4A /* PBXContainerItemProxy */;
		};
/* End PBXTargetDependency section */

/* Begin PBXVariantGroup section */
		1515C1FB19D24DB500197D4A /* Main.storyboard */ = {
			isa = PBXVariantGroup;
			children = (
				1515C1FC19D24DB500197D4A /* Base */,
			);
			name = Main.storyboard;
			sourceTree = "<group>";
		};
		1515C20019D24DB500197D4A /* LaunchScreen.xib */ = {
			isa = PBXVariantGroup;
			children = (
				1515C20119D24DB500197D4A /* Base */,
			);
			name = LaunchScreen.xib;
			sourceTree = "<group>";
		};
/* End PBXVariantGroup section */

/* Begin XCBuildConfiguration section */
		1515C20F19D24DB500197D4A /* Debug */ = {
			isa = XCBuildConfiguration;
			buildSettings = {
				ALWAYS_SEARCH_USER_PATHS = NO;
				CLANG_CXX_LANGUAGE_STANDARD = "gnu++0x";
				CLANG_CXX_LIBRARY = "libc++";
				CLANG_ENABLE_MODULES = YES;
				CLANG_ENABLE_OBJC_ARC = YES;
				CLANG_WARN_BOOL_CONVERSION = YES;
				CLANG_WARN_CONSTANT_CONVERSION = YES;
				CLANG_WARN_DIRECT_OBJC_ISA_USAGE = YES_ERROR;
				CLANG_WARN_EMPTY_BODY = YES;
				CLANG_WARN_ENUM_CONVERSION = YES;
				CLANG_WARN_INT_CONVERSION = YES;
				CLANG_WARN_OBJC_ROOT_CLASS = YES_ERROR;
				CLANG_WARN_UNREACHABLE_CODE = YES;
				CLANG_WARN__DUPLICATE_METHOD_MATCH = YES;
				"CODE_SIGN_IDENTITY[sdk=iphoneos*]" = "iPhone Developer";
				COPY_PHASE_STRIP = NO;
				ENABLE_STRICT_OBJC_MSGSEND = YES;
				GCC_C_LANGUAGE_STANDARD = gnu99;
				GCC_DYNAMIC_NO_PIC = NO;
				GCC_OPTIMIZATION_LEVEL = 0;
				GCC_PREPROCESSOR_DEFINITIONS = (
					"DEBUG=1",
					"$(inherited)",
				);
				GCC_SYMBOLS_PRIVATE_EXTERN = NO;
				GCC_WARN_64_TO_32_BIT_CONVERSION = YES;
				GCC_WARN_ABOUT_RETURN_TYPE = YES_ERROR;
				GCC_WARN_UNDECLARED_SELECTOR = YES;
				GCC_WARN_UNINITIALIZED_AUTOS = YES_AGGRESSIVE;
				GCC_WARN_UNUSED_FUNCTION = YES;
				GCC_WARN_UNUSED_VARIABLE = YES;
				IPHONEOS_DEPLOYMENT_TARGET = 8.0;
				MTL_ENABLE_DEBUG_INFO = YES;
				ONLY_ACTIVE_ARCH = YES;
				SDKROOT = iphoneos;
				SWIFT_OPTIMIZATION_LEVEL = "-Onone";
			};
			name = Debug;
		};
		1515C21019D24DB500197D4A /* Release */ = {
			isa = XCBuildConfiguration;
			buildSettings = {
				ALWAYS_SEARCH_USER_PATHS = NO;
				CLANG_CXX_LANGUAGE_STANDARD = "gnu++0x";
				CLANG_CXX_LIBRARY = "libc++";
				CLANG_ENABLE_MODULES = YES;
				CLANG_ENABLE_OBJC_ARC = YES;
				CLANG_WARN_BOOL_CONVERSION = YES;
				CLANG_WARN_CONSTANT_CONVERSION = YES;
				CLANG_WARN_DIRECT_OBJC_ISA_USAGE = YES_ERROR;
				CLANG_WARN_EMPTY_BODY = YES;
				CLANG_WARN_ENUM_CONVERSION = YES;
				CLANG_WARN_INT_CONVERSION = YES;
				CLANG_WARN_OBJC_ROOT_CLASS = YES_ERROR;
				CLANG_WARN_UNREACHABLE_CODE = YES;
				CLANG_WARN__DUPLICATE_METHOD_MATCH = YES;
				"CODE_SIGN_IDENTITY[sdk=iphoneos*]" = "iPhone Developer";
				COPY_PHASE_STRIP = YES;
				ENABLE_NS_ASSERTIONS = NO;
				ENABLE_STRICT_OBJC_MSGSEND = YES;
				GCC_C_LANGUAGE_STANDARD = gnu99;
				GCC_WARN_64_TO_32_BIT_CONVERSION = YES;
				GCC_WARN_ABOUT_RETURN_TYPE = YES_ERROR;
				GCC_WARN_UNDECLARED_SELECTOR = YES;
				GCC_WARN_UNINITIALIZED_AUTOS = YES_AGGRESSIVE;
				GCC_WARN_UNUSED_FUNCTION = YES;
				GCC_WARN_UNUSED_VARIABLE = YES;
				IPHONEOS_DEPLOYMENT_TARGET = 8.0;
				MTL_ENABLE_DEBUG_INFO = NO;
				SDKROOT = iphoneos;
				VALIDATE_PRODUCT = YES;
			};
			name = Release;
		};
		1515C21219D24DB500197D4A /* Debug */ = {
			isa = XCBuildConfiguration;
			buildSettings = {
				ASSETCATALOG_COMPILER_APPICON_NAME = AppIcon;
				INFOPLIST_FILE = postcard/Info.plist;
				LD_RUNPATH_SEARCH_PATHS = "$(inherited) @executable_path/Frameworks";
				PRODUCT_NAME = "$(TARGET_NAME)";
			};
			name = Debug;
		};
		1515C21319D24DB500197D4A /* Release */ = {
			isa = XCBuildConfiguration;
			buildSettings = {
				ASSETCATALOG_COMPILER_APPICON_NAME = AppIcon;
				INFOPLIST_FILE = postcard/Info.plist;
				LD_RUNPATH_SEARCH_PATHS = "$(inherited) @executable_path/Frameworks";
				PRODUCT_NAME = "$(TARGET_NAME)";
			};
			name = Release;
		};
		1515C21519D24DB500197D4A /* Debug */ = {
			isa = XCBuildConfiguration;
			buildSettings = {
				BUNDLE_LOADER = "$(TEST_HOST)";
				FRAMEWORK_SEARCH_PATHS = (
					"$(SDKROOT)/Developer/Library/Frameworks",
					"$(inherited)",
				);
				GCC_PREPROCESSOR_DEFINITIONS = (
					"DEBUG=1",
					"$(inherited)",
				);
				INFOPLIST_FILE = postcardTests/Info.plist;
				LD_RUNPATH_SEARCH_PATHS = "$(inherited) @executable_path/Frameworks @loader_path/Frameworks";
				PRODUCT_NAME = "$(TARGET_NAME)";
				TEST_HOST = "$(BUILT_PRODUCTS_DIR)/postcard.app/postcard";
			};
			name = Debug;
		};
		1515C21619D24DB500197D4A /* Release */ = {
			isa = XCBuildConfiguration;
			buildSettings = {
				BUNDLE_LOADER = "$(TEST_HOST)";
				FRAMEWORK_SEARCH_PATHS = (
					"$(SDKROOT)/Developer/Library/Frameworks",
					"$(inherited)",
				);
				INFOPLIST_FILE = postcardTests/Info.plist;
				LD_RUNPATH_SEARCH_PATHS = "$(inherited) @executable_path/Frameworks @loader_path/Frameworks";
				PRODUCT_NAME = "$(TARGET_NAME)";
				TEST_HOST = "$(BUILT_PRODUCTS_DIR)/postcard.app/postcard";
			};
			name = Release;
		};
/* End XCBuildConfiguration section */

/* Begin XCConfigurationList section */
		1515C1ED19D24DB500197D4A /* Build configuration list for PBXProject "postcard" */ = {
			isa = XCConfigurationList;
			buildConfigurations = (
				1515C20F19D24DB500197D4A /* Debug */,
				1515C21019D24DB500197D4A /* Release */,
			);
			defaultConfigurationIsVisible = 0;
			defaultConfigurationName = Release;
		};
		1515C21119D24DB500197D4A /* Build configuration list for PBXNativeTarget "postcard" */ = {
			isa = XCConfigurationList;
			buildConfigurations = (
				1515C21219D24DB500197D4A /* Debug */,
				1515C21319D24DB500197D4A /* Release */,
			);
			defaultConfigurationIsVisible = 0;
			defaultConfigurationName = Release;
		};
		1515C21419D24DB500197D4A /* Build configuration list for PBXNativeTarget "postcardTests" */ = {
			isa = XCConfigurationList;
			buildConfigurations = (
				1515C21519D24DB500197D4A /* Debug */,
				1515C21619D24DB500197D4A /* Release */,
			);
			defaultConfigurationIsVisible = 0;
			defaultConfigurationName = Release;
		};
/* End XCConfigurationList section */
	};
	rootObject = 1515C1EA19D24DB500197D4A /* Project object */;
}
